
Microsoft Visual Studio Solution File, Format Version 12.00
# Visual Studio Version 18
VisualStudioVersion = 18.3.11222.16 d18.3
MinimumVisualStudioVersion = 10.0.40219.1
Project("{2150E333-8FDC-42A3-9474-1A3956D46DE8}") = "API", "API", "{D82C56D6-B2CD-F611-9E31-04638F7EC30E}"
EndProject
Project("{FAE04EC0-301F-11D3-BF4B-00C04F79EFBC}") = "DevNationCrono.API", "API\DevNationCrono.API\DevNationCrono.API.csproj", "{B942E497-870C-4FEA-BE89-3ED7DF13B352}"
EndProject
Project("{FAE04EC0-301F-11D3-BF4B-00C04F79EFBC}") = "DevNationCrono.Tests", "DevNationCrono.Tests\DevNationCrono.Tests.csproj", "{27A841BF-D00A-4D94-A15D-B8703A54EF3E}"
EndProject
Project("{2150E333-8FDC-42A3-9474-1A3956D46DE8}") = "Mobile", "Mobile", "{67876CC4-4462-4107-B173-4C45DC5C0586}"
EndProject
Project("{FAE04EC0-301F-11D3-BF4B-00C04F79EFBC}") = "AppColetor", "Mobile\AppColetor\AppColetor.csproj", "{21C6C695-BC6D-4927-B327-B99A700E6494}"
EndProject
Global
	GlobalSection(SolutionConfigurationPlatforms) = preSolution
		Debug|Any CPU = Debug|Any CPU
		Debug|x64 = Debug|x64
		Debug|x86 = Debug|x86
		Release|Any CPU = Release|Any CPU
		Release|x64 = Release|x64
		Release|x86 = Release|x86
	EndGlobalSection
	GlobalSection(ProjectConfigurationPlatforms) = postSolution
		{B942E497-870C-4FEA-BE89-3ED7DF13B352}.Debug|Any CPU.ActiveCfg = Debug|Any CPU
		{B942E497-870C-4FEA-BE89-3ED7DF13B352}.Debug|Any CPU.Build.0 = Debug|Any CPU
		{B942E497-870C-4FEA-BE89-3ED7DF13B352}.Debug|x64.ActiveCfg = Debug|Any CPU
		{B942E497-870C-4FEA-BE89-3ED7DF13B352}.Debug|x64.Build.0 = Debug|Any CPU
		{B942E497-870C-4FEA-BE89-3ED7DF13B352}.Debug|x86.ActiveCfg = Debug|Any CPU
		{B942E497-870C-4FEA-BE89-3ED7DF13B352}.Debug|x86.Build.0 = Debug|Any CPU
		{B942E497-870C-4FEA-BE89-3ED7DF13B352}.Release|Any CPU.ActiveCfg = Release|Any CPU
		{B942E497-870C-4FEA-BE89-3ED7DF13B352}.Release|Any CPU.Build.0 = Release|Any CPU
		{B942E497-870C-4FEA-BE89-3ED7DF13B352}.Release|x64.ActiveCfg = Release|Any CPU
		{B942E497-870C-4FEA-BE89-3ED7DF13B352}.Release|x64.Build.0 = Release|Any CPU
		{B942E497-870C-4FEA-BE89-3ED7DF13B352}.Release|x86.ActiveCfg = Release|Any CPU
		{B942E497-870C-4FEA-BE89-3ED7DF13B352}.Release|x86.Build.0 = Release|Any CPU
		{27A841BF-D00A-4D94-A15D-B8703A54EF3E}.Debug|Any CPU.ActiveCfg = Debug|Any CPU
		{27A841BF-D00A-4D94-A15D-B8703A54EF3E}.Debug|Any CPU.Build.0 = Debug|Any CPU
		{27A841BF-D00A-4D94-A15D-B8703A54EF3E}.Debug|x64.ActiveCfg = Debug|Any CPU
		{27A841BF-D00A-4D94-A15D-B8703A54EF3E}.Debug|x64.Build.0 = Debug|Any CPU
		{27A841BF-D00A-4D94-A15D-B8703A54EF3E}.Debug|x86.ActiveCfg = Debug|Any CPU
		{27A841BF-D00A-4D94-A15D-B8703A54EF3E}.Debug|x86.Build.0 = Debug|Any CPU
		{27A841BF-D00A-4D94-A15D-B8703A54EF3E}.Release|Any CPU.ActiveCfg = Release|Any CPU
		{27A841BF-D00A-4D94-A15D-B8703A54EF3E}.Release|Any CPU.Build.0 = Release|Any CPU
		{27A841BF-D00A-4D94-A15D-B8703A54EF3E}.Release|x64.ActiveCfg = Release|Any CPU
		{27A841BF-D00A-4D94-A15D-B8703A54EF3E}.Release|x64.Build.0 = Release|Any CPU
		{27A841BF-D00A-4D94-A15D-B8703A54EF3E}.Release|x86.ActiveCfg = Release|Any CPU
		{27A841BF-D00A-4D94-A15D-B8703A54EF3E}.Release|x86.Build.0 = Release|Any CPU
		{21C6C695-BC6D-4927-B327-B99A700E6494}.Debug|Any CPU.ActiveCfg = Debug|Any CPU
		{21C6C695-BC6D-4927-B327-B99A700E6494}.Debug|Any CPU.Build.0 = Debug|Any CPU
		{21C6C695-BC6D-4927-B327-B99A700E6494}.Debug|Any CPU.Deploy.0 = Debug|Any CPU
		{21C6C695-BC6D-4927-B327-B99A700E6494}.Debug|x64.ActiveCfg = Debug|Any CPU
		{21C6C695-BC6D-4927-B327-B99A700E6494}.Debug|x64.Build.0 = Debug|Any CPU
		{21C6C695-BC6D-4927-B327-B99A700E6494}.Debug|x64.Deploy.0 = Debug|Any CPU
		{21C6C695-BC6D-4927-B327-B99A700E6494}.Debug|x86.ActiveCfg = Debug|Any CPU
		{21C6C695-BC6D-4927-B327-B99A700E6494}.Debug|x86.Build.0 = Debug|Any CPU
		{21C6C695-BC6D-4927-B327-B99A700E6494}.Debug|x86.Deploy.0 = Debug|Any CPU
		{21C6C695-BC6D-4927-B327-B99A700E6494}.Release|Any CPU.ActiveCfg = Release|Any CPU
		{21C6C695-BC6D-4927-B327-B99A700E6494}.Release|Any CPU.Build.0 = Release|Any CPU
		{21C6C695-BC6D-4927-B327-B99A700E6494}.Release|Any CPU.Deploy.0 = Release|Any CPU
		{21C6C695-BC6D-4927-B327-B99A700E6494}.Release|x64.ActiveCfg = Release|Any CPU
		{21C6C695-BC6D-4927-B327-B99A700E6494}.Release|x64.Build.0 = Release|Any CPU
		{21C6C695-BC6D-4927-B327-B99A700E6494}.Release|x64.Deploy.0 = Release|Any CPU
		{21C6C695-BC6D-4927-B327-B99A700E6494}.Release|x86.ActiveCfg = Release|Any CPU
		{21C6C695-BC6D-4927-B327-B99A700E6494}.Release|x86.Build.0 = Release|Any CPU
		{21C6C695-BC6D-4927-B327-B99A700E6494}.Release|x86.Deploy.0 = Release|Any CPU
	EndGlobalSection
	GlobalSection(SolutionProperties) = preSolution
		HideSolutionNode = FALSE
	EndGlobalSection
	GlobalSection(NestedProjects) = preSolution
		{B942E497-870C-4FEA-BE89-3ED7DF13B352} = {D82C56D6-B2CD-F611-9E31-04638F7EC30E}
		{21C6C695-BC6D-4927-B327-B99A700E6494} = {67876CC4-4462-4107-B173-4C45DC5C0586}
	EndGlobalSection
	GlobalSection(ExtensibilityGlobals) = postSolution
		SolutionGuid = {B1D82F13-DCD1-4137-8A4C-8D1307B877BA}
	EndGlobalSection
EndGlobal
